// !$*UTF8*$!
{
	archiveVersion = 1;
	classes = {
	};
	objectVersion = 46;
	objects = {

/* Begin PBXBuildFile section */
		DB7A08BE152B7BB500759EEF /* UIKit.framework in Frameworks */ = {isa = PBXBuildFile; fileRef = DB7A08BD152B7BB500759EEF /* UIKit.framework */; };
		DB7A08C0152B7BB500759EEF /* Foundation.framework in Frameworks */ = {isa = PBXBuildFile; fileRef = DB7A08BF152B7BB500759EEF /* Foundation.framework */; };
		DB7A08C2152B7BB500759EEF /* CoreGraphics.framework in Frameworks */ = {isa = PBXBuildFile; fileRef = DB7A08C1152B7BB500759EEF /* CoreGraphics.framework */; };
		DB7A08C8152B7BB500759EEF /* InfoPlist.strings in Resources */ = {isa = PBXBuildFile; fileRef = DB7A08C6152B7BB500759EEF /* InfoPlist.strings */; };
		DB7A08CA152B7BB500759EEF /* main.m in Sources */ = {isa = PBXBuildFile; fileRef = DB7A08C9152B7BB500759EEF /* main.m */; };
		DB7A08CE152B7BB500759EEF /* AppDelegate.m in Sources */ = {isa = PBXBuildFile; fileRef = DB7A08CD152B7BB500759EEF /* AppDelegate.m */; };
		DB7A08D1152B7BB500759EEF /* MainStoryboard.storyboard in Resources */ = {isa = PBXBuildFile; fileRef = DB7A08CF152B7BB500759EEF /* MainStoryboard.storyboard */; };
		DB7A08D4152B7BB500759EEF /* ViewController.m in Sources */ = {isa = PBXBuildFile; fileRef = DB7A08D3152B7BB500759EEF /* ViewController.m */; };
		DB7A08DC152B7BB500759EEF /* SenTestingKit.framework in Frameworks */ = {isa = PBXBuildFile; fileRef = DB7A08DB152B7BB500759EEF /* SenTestingKit.framework */; };
		DB7A08DD152B7BB500759EEF /* UIKit.framework in Frameworks */ = {isa = PBXBuildFile; fileRef = DB7A08BD152B7BB500759EEF /* UIKit.framework */; };
		DB7A08DE152B7BB500759EEF /* Foundation.framework in Frameworks */ = {isa = PBXBuildFile; fileRef = DB7A08BF152B7BB500759EEF /* Foundation.framework */; };
		DB7A08E6152B7BB500759EEF /* InfoPlist.strings in Resources */ = {isa = PBXBuildFile; fileRef = DB7A08E4152B7BB500759EEF /* InfoPlist.strings */; };
		DB7A08E9152B7BB500759EEF /* HtmlContentTestTests.m in Sources */ = {isa = PBXBuildFile; fileRef = DB7A08E8152B7BB500759EEF /* HtmlContentTestTests.m */; };
/* End PBXBuildFile section */

/* Begin PBXContainerItemProxy section */
		DB7A08DF152B7BB500759EEF /* PBXContainerItemProxy */ = {
			isa = PBXContainerItemProxy;
			containerPortal = DB7A08B0152B7BB500759EEF /* Project object */;
			proxyType = 1;
			remoteGlobalIDString = DB7A08B8152B7BB500759EEF;
			remoteInfo = HtmlContentTest;
		};
/* End PBXContainerItemProxy section */

/* Begin PBXFileReference section */
		DB7A08B9152B7BB500759EEF /* HtmlContentTest.app */ = {isa = PBXFileReference; explicitFileType = wrapper.application; includeInIndex = 0; path = HtmlContentTest.app; sourceTree = BUILT_PRODUCTS_DIR; };
		DB7A08BD152B7BB500759EEF /* UIKit.framework */ = {isa = PBXFileReference; lastKnownFileType = wrapper.framework; name = UIKit.framework; path = System/Library/Frameworks/UIKit.framework; sourceTree = SDKROOT; };
		DB7A08BF152B7BB500759EEF /* Foundation.framework */ = {isa = PBXFileReference; lastKnownFileType = wrapper.framework; name = Foundation.framework; path = System/Library/Frameworks/Foundation.framework; sourceTree = SDKROOT; };
		DB7A08C1152B7BB500759EEF /* CoreGraphics.framework */ = {isa = PBXFileReference; lastKnownFileType = wrapper.framework; name = CoreGraphics.framework; path = System/Library/Frameworks/CoreGraphics.framework; sourceTree = SDKROOT; };
		DB7A08C5152B7BB500759EEF /* HtmlContentTest-Info.plist */ = {isa = PBXFileReference; path = "HtmlContentTest-Info.plist"; sourceTree = "<group>"; };
		DB7A08C7152B7BB500759EEF /* en */ = {isa = PBXFileReference; lastKnownFileType = text.plist.strings; name = en; path = en.lproj/InfoPlist.strings; sourceTree = "<group>"; };
		DB7A08C9152B7BB500759EEF /* main.m */ = {isa = PBXFileReference; lastKnownFileType = sourcecode.c.objc; path = main.m; sourceTree = "<group>"; };
		DB7A08CB152B7BB500759EEF /* HtmlContentTest-Prefix.pch */ = {isa = PBXFileReference; path = "HtmlContentTest-Prefix.pch"; sourceTree = "<group>"; };
		DB7A08CC152B7BB500759EEF /* AppDelegate.h */ = {isa = PBXFileReference; path = AppDelegate.h; sourceTree = "<group>"; };
		DB7A08CD152B7BB500759EEF /* AppDelegate.m */ = {isa = PBXFileReference; lastKnownFileType = sourcecode.c.objc; path = AppDelegate.m; sourceTree = "<group>"; };
		DB7A08D0152B7BB500759EEF /* en */ = {isa = PBXFileReference; lastKnownFileType = file.storyboard; name = en; path = en.lproj/MainStoryboard.storyboard; sourceTree = "<group>"; };
		DB7A08D2152B7BB500759EEF /* ViewController.h */ = {isa = PBXFileReference; path = ViewController.h; sourceTree = "<group>"; };
		DB7A08D3152B7BB500759EEF /* ViewController.m */ = {isa = PBXFileReference; lastKnownFileType = sourcecode.c.objc; path = ViewController.m; sourceTree = "<group>"; };
		DB7A08DA152B7BB500759EEF /* HtmlContentTestTests.octest */ = {isa = PBXFileReference; explicitFileType = wrapper.cfbundle; includeInIndex = 0; path = HtmlContentTestTests.octest; sourceTree = BUILT_PRODUCTS_DIR; };
		DB7A08DB152B7BB500759EEF /* SenTestingKit.framework */ = {isa = PBXFileReference; lastKnownFileType = wrapper.framework; name = SenTestingKit.framework; path = Library/Frameworks/SenTestingKit.framework; sourceTree = DEVELOPER_DIR; };
		DB7A08E3152B7BB500759EEF /* HtmlContentTestTests-Info.plist */ = {isa = PBXFileReference; path = "HtmlContentTestTests-Info.plist"; sourceTree = "<group>"; };
		DB7A08E5152B7BB500759EEF /* en */ = {isa = PBXFileReference; lastKnownFileType = text.plist.strings; name = en; path = en.lproj/InfoPlist.strings; sourceTree = "<group>"; };
		DB7A08E7152B7BB500759EEF /* HtmlContentTestTests.h */ = {isa = PBXFileReference; path = HtmlContentTestTests.h; sourceTree = "<group>"; };
		DB7A08E8152B7BB500759EEF /* HtmlContentTestTests.m */ = {isa = PBXFileReference; lastKnownFileType = sourcecode.c.objc; path = HtmlContentTestTests.m; sourceTree = "<group>"; };
/* End PBXFileReference section */

/* Begin PBXFrameworksBuildPhase section */
		DB7A08B6152B7BB500759EEF /* Frameworks */ = {
			isa = PBXFrameworksBuildPhase;
			buildActionMask = 2147483647;
			files = (
				DB7A08BE152B7BB500759EEF /* UIKit.framework in Frameworks */,
				DB7A08C0152B7BB500759EEF /* Foundation.framework in Frameworks */,
				DB7A08C2152B7BB500759EEF /* CoreGraphics.framework in Frameworks */,
			);
			runOnlyForDeploymentPostprocessing = 0;
		};
		DB7A08D6152B7BB500759EEF /* Frameworks */ = {
			isa = PBXFrameworksBuildPhase;
			buildActionMask = 2147483647;
			files = (
				DB7A08DC152B7BB500759EEF /* SenTestingKit.framework in Frameworks */,
				DB7A08DD152B7BB500759EEF /* UIKit.framework in Frameworks */,
				DB7A08DE152B7BB500759EEF /* Foundation.framework in Frameworks */,
			);
			runOnlyForDeploymentPostprocessing = 0;
		};
/* End PBXFrameworksBuildPhase section */

/* Begin PBXGroup section */
		DB7A08AE152B7BB500759EEF = {
			isa = PBXGroup;
			children = (
				DB7A08C3152B7BB500759EEF /* HtmlContentTest */,
				DB7A08E1152B7BB500759EEF /* HtmlContentTestTests */,
				DB7A08BC152B7BB500759EEF /* Frameworks */,
				DB7A08BA152B7BB500759EEF /* Products */,
			);
			sourceTree = "<group>";
		};
		DB7A08BA152B7BB500759EEF /* Products */ = {
			isa = PBXGroup;
			children = (
				DB7A08B9152B7BB500759EEF /* HtmlContentTest.app */,
				DB7A08DA152B7BB500759EEF /* HtmlContentTestTests.octest */,
			);
			name = Products;
			sourceTree = "<group>";
		};
		DB7A08BC152B7BB500759EEF /* Frameworks */ = {
			isa = PBXGroup;
			children = (
				DB7A08BD152B7BB500759EEF /* UIKit.framework */,
				DB7A08BF152B7BB500759EEF /* Foundation.framework */,
				DB7A08C1152B7BB500759EEF /* CoreGraphics.framework */,
				DB7A08DB152B7BB500759EEF /* SenTestingKit.framework */,
			);
			name = Frameworks;
			sourceTree = "<group>";
		};
		DB7A08C3152B7BB500759EEF /* HtmlContentTest */ = {
			isa = PBXGroup;
			children = (
				DB7A08CC152B7BB500759EEF /* AppDelegate.h */,
				DB7A08CD152B7BB500759EEF /* AppDelegate.m */,
				DB7A08CF152B7BB500759EEF /* MainStoryboard.storyboard */,
				DB7A08D2152B7BB500759EEF /* ViewController.h */,
				DB7A08D3152B7BB500759EEF /* ViewController.m */,
				DB7A08C4152B7BB500759EEF /* Supporting Files */,
			);
			path = HtmlContentTest;
			sourceTree = "<group>";
		};
		DB7A08C4152B7BB500759EEF /* Supporting Files */ = {
			isa = PBXGroup;
			children = (
				DB7A08C5152B7BB500759EEF /* HtmlContentTest-Info.plist */,
				DB7A08C6152B7BB500759EEF /* InfoPlist.strings */,
				DB7A08C9152B7BB500759EEF /* main.m */,
				DB7A08CB152B7BB500759EEF /* HtmlContentTest-Prefix.pch */,
			);
			name = "Supporting Files";
			sourceTree = "<group>";
		};
		DB7A08E1152B7BB500759EEF /* HtmlContentTestTests */ = {
			isa = PBXGroup;
			children = (
				DB7A08E7152B7BB500759EEF /* HtmlContentTestTests.h */,
				DB7A08E8152B7BB500759EEF /* HtmlContentTestTests.m */,
				DB7A08E2152B7BB500759EEF /* Supporting Files */,
			);
			path = HtmlContentTestTests;
			sourceTree = "<group>";
		};
		DB7A08E2152B7BB500759EEF /* Supporting Files */ = {
			isa = PBXGroup;
			children = (
				DB7A08E3152B7BB500759EEF /* HtmlContentTestTests-Info.plist */,
				DB7A08E4152B7BB500759EEF /* InfoPlist.strings */,
			);
			name = "Supporting Files";
			sourceTree = "<group>";
		};
/* End PBXGroup section */

/* Begin PBXNativeTarget section */
		DB7A08B8152B7BB500759EEF /* HtmlContentTest */ = {
			isa = PBXNativeTarget;
			buildConfigurationList = DB7A08EC152B7BB500759EEF /* Build configuration list for PBXNativeTarget "HtmlContentTest" */;
			buildPhases = (
				DB7A08B5152B7BB500759EEF /* Sources */,
				DB7A08B6152B7BB500759EEF /* Frameworks */,
				DB7A08B7152B7BB500759EEF /* Resources */,
			);
			buildRules = (
			);
			dependencies = (
			);
			name = HtmlContentTest;
			productName = HtmlContentTest;
			productReference = DB7A08B9152B7BB500759EEF /* HtmlContentTest.app */;
			productType = "com.apple.product-type.application";
		};
		DB7A08D9152B7BB500759EEF /* HtmlContentTestTests */ = {
			isa = PBXNativeTarget;
			buildConfigurationList = DB7A08EF152B7BB500759EEF /* Build configuration list for PBXNativeTarget "HtmlContentTestTests" */;
			buildPhases = (
				DB7A08D5152B7BB500759EEF /* Sources */,
				DB7A08D6152B7BB500759EEF /* Frameworks */,
				DB7A08D7152B7BB500759EEF /* Resources */,
				DB7A08D8152B7BB500759EEF /* ShellScript */,
			);
			buildRules = (
			);
			dependencies = (
				DB7A08E0152B7BB500759EEF /* PBXTargetDependency */,
			);
			name = HtmlContentTestTests;
			productName = HtmlContentTestTests;
			productReference = DB7A08DA152B7BB500759EEF /* HtmlContentTestTests.octest */;
			productType = "com.apple.product-type.bundle";
		};
/* End PBXNativeTarget section */

/* Begin PBXProject section */
		DB7A08B0152B7BB500759EEF /* Project object */ = {
			isa = PBXProject;
			attributes = {
				LastUpgradeCheck = 0430;
			};
			buildConfigurationList = DB7A08B3152B7BB500759EEF /* Build configuration list for PBXProject "HtmlContentTest" */;
			compatibilityVersion = "Xcode 3.2";
			developmentRegion = English;
			hasScannedForEncodings = 0;
			knownRegions = (
				en,
			);
			mainGroup = DB7A08AE152B7BB500759EEF;
			productRefGroup = DB7A08BA152B7BB500759EEF /* Products */;
			projectDirPath = "";
			projectRoot = "";
			targets = (
				DB7A08B8152B7BB500759EEF /* HtmlContentTest */,
				DB7A08D9152B7BB500759EEF /* HtmlContentTestTests */,
			);
		};
/* End PBXProject section */

/* Begin PBXResourcesBuildPhase section */
		DB7A08B7152B7BB500759EEF /* Resources */ = {
			isa = PBXResourcesBuildPhase;
			buildActionMask = 2147483647;
			files = (
				DB7A08C8152B7BB500759EEF /* InfoPlist.strings in Resources */,
				DB7A08D1152B7BB500759EEF /* MainStoryboard.storyboard in Resources */,
			);
			runOnlyForDeploymentPostprocessing = 0;
		};
		DB7A08D7152B7BB500759EEF /* Resources */ = {
			isa = PBXResourcesBuildPhase;
			buildActionMask = 2147483647;
			files = (
				DB7A08E6152B7BB500759EEF /* InfoPlist.strings in Resources */,
			);
			runOnlyForDeploymentPostprocessing = 0;
		};
/* End PBXResourcesBuildPhase section */

/* Begin PBXShellScriptBuildPhase section */
		DB7A08D8152B7BB500759EEF /* ShellScript */ = {
			isa = PBXShellScriptBuildPhase;
			buildActionMask = 2147483647;
			files = (
			);
			inputPaths = (
			);
			outputPaths = (
			);
			runOnlyForDeploymentPostprocessing = 0;
			shellPath = /bin/sh;
			shellScript = "# Run the unit tests in this test bundle.\n\"${SYSTEM_DEVELOPER_DIR}/Tools/RunUnitTests\"\n";
		};
/* End PBXShellScriptBuildPhase section */

/* Begin PBXSourcesBuildPhase section */
		DB7A08B5152B7BB500759EEF /* Sources */ = {
			isa = PBXSourcesBuildPhase;
			buildActionMask = 2147483647;
			files = (
				DB7A08CA152B7BB500759EEF /* main.m in Sources */,
				DB7A08CE152B7BB500759EEF /* AppDelegate.m in Sources */,
				DB7A08D4152B7BB500759EEF /* ViewController.m in Sources */,
			);
			runOnlyForDeploymentPostprocessing = 0;
		};
		DB7A08D5152B7BB500759EEF /* Sources */ = {
			isa = PBXSourcesBuildPhase;
			buildActionMask = 2147483647;
			files = (
				DB7A08E9152B7BB500759EEF /* HtmlContentTestTests.m in Sources */,
			);
			runOnlyForDeploymentPostprocessing = 0;
		};
/* End PBXSourcesBuildPhase section */

/* Begin PBXTargetDependency section */
		DB7A08E0152B7BB500759EEF /* PBXTargetDependency */ = {
			isa = PBXTargetDependency;
			target = DB7A08B8152B7BB500759EEF /* HtmlContentTest */;
			targetProxy = DB7A08DF152B7BB500759EEF /* PBXContainerItemProxy */;
		};
/* End PBXTargetDependency section */

/* Begin PBXVariantGroup section */
		DB7A08C6152B7BB500759EEF /* InfoPlist.strings */ = {
			isa = PBXVariantGroup;
			children = (
				DB7A08C7152B7BB500759EEF /* en */,
			);
			name = InfoPlist.strings;
			sourceTree = "<group>";
		};
		DB7A08CF152B7BB500759EEF /* MainStoryboard.storyboard */ = {
			isa = PBXVariantGroup;
			children = (
				DB7A08D0152B7BB500759EEF /* en */,
			);
			name = MainStoryboard.storyboard;
			sourceTree = "<group>";
		};
		DB7A08E4152B7BB500759EEF /* InfoPlist.strings */ = {
			isa = PBXVariantGroup;
			children = (
				DB7A08E5152B7BB500759EEF /* en */,
			);
			name = InfoPlist.strings;
			sourceTree = "<group>";
		};
/* End PBXVariantGroup section */

/* Begin XCBuildConfiguration section */
		DB7A08EA152B7BB500759EEF /* Debug */ = {
			isa = XCBuildConfiguration;
			buildSettings = {
				ALWAYS_SEARCH_USER_PATHS = NO;
				ARCHS = "$(ARCHS_STANDARD_32_BIT)";
				CLANG_ENABLE_OBJC_ARC = YES;
				"CODE_SIGN_IDENTITY[sdk=iphoneos*]" = "iPhone Developer";
				COPY_PHASE_STRIP = NO;
				GCC_C_LANGUAGE_STANDARD = gnu99;
				GCC_DYNAMIC_NO_PIC = NO;
				GCC_OPTIMIZATION_LEVEL = 0;
				GCC_PREPROCESSOR_DEFINITIONS = (
					"DEBUG=1",
					"$(inherited)",
				);
				GCC_SYMBOLS_PRIVATE_EXTERN = NO;
				GCC_VERSION = com.apple.compilers.llvm.clang.1_0;
				GCC_WARN_ABOUT_RETURN_TYPE = YES;
				GCC_WARN_UNINITIALIZED_AUTOS = YES;
				GCC_WARN_UNUSED_VARIABLE = YES;
				IPHONEOS_DEPLOYMENT_TARGET = 5.1;
				SDKROOT = iphoneos;
			};
			name = Debug;
		};
		DB7A08EB152B7BB500759EEF /* Release */ = {
			isa = XCBuildConfiguration;
			buildSettings = {
				ALWAYS_SEARCH_USER_PATHS = NO;
				ARCHS = "$(ARCHS_STANDARD_32_BIT)";
				CLANG_ENABLE_OBJC_ARC = YES;
				"CODE_SIGN_IDENTITY[sdk=iphoneos*]" = "iPhone Developer";
				COPY_PHASE_STRIP = YES;
				GCC_C_LANGUAGE_STANDARD = gnu99;
				GCC_VERSION = com.apple.compilers.llvm.clang.1_0;
				GCC_WARN_ABOUT_RETURN_TYPE = YES;
				GCC_WARN_UNINITIALIZED_AUTOS = YES;
				GCC_WARN_UNUSED_VARIABLE = YES;
				IPHONEOS_DEPLOYMENT_TARGET = 5.1;
				OTHER_CFLAGS = "-DNS_BLOCK_ASSERTIONS=1";
				SDKROOT = iphoneos;
				VALIDATE_PRODUCT = YES;
			};
			name = Release;
		};
		DB7A08ED152B7BB500759EEF /* Debug */ = {
			isa = XCBuildConfiguration;
			buildSettings = {
				GCC_PRECOMPILE_PREFIX_HEADER = YES;
				GCC_PREFIX_HEADER = "HtmlContentTest/HtmlContentTest-Prefix.pch";
				INFOPLIST_FILE = "HtmlContentTest/HtmlContentTest-Info.plist";
				PRODUCT_NAME = "$(TARGET_NAME)";
				WRAPPER_EXTENSION = app;
			};
			name = Debug;
		};
		DB7A08EE152B7BB500759EEF /* Release */ = {
			isa = XCBuildConfiguration;
			buildSettings = {
				GCC_PRECOMPILE_PREFIX_HEADER = YES;
				GCC_PREFIX_HEADER = "HtmlContentTest/HtmlContentTest-Prefix.pch";
				INFOPLIST_FILE = "HtmlContentTest/HtmlContentTest-Info.plist";
				PRODUCT_NAME = "$(TARGET_NAME)";
				WRAPPER_EXTENSION = app;
			};
			name = Release;
		};
		DB7A08F0152B7BB500759EEF /* Debug */ = {
			isa = XCBuildConfiguration;
			buildSettings = {
				BUNDLE_LOADER = "$(BUILT_PRODUCTS_DIR)/HtmlContentTest.app/HtmlContentTest";
				FRAMEWORK_SEARCH_PATHS = (
					"$(SDKROOT)/Developer/Library/Frameworks",
					"$(DEVELOPER_LIBRARY_DIR)/Frameworks",
				);
				GCC_PRECOMPILE_PREFIX_HEADER = YES;
				GCC_PREFIX_HEADER = "HtmlContentTest/HtmlContentTest-Prefix.pch";
				INFOPLIST_FILE = "HtmlContentTestTests/HtmlContentTestTests-Info.plist";
				PRODUCT_NAME = "$(TARGET_NAME)";
				TEST_HOST = "$(BUNDLE_LOADER)";
				WRAPPER_EXTENSION = octest;
			};
			name = Debug;
		};
		DB7A08F1152B7BB500759EEF /* Release */ = {
			isa = XCBuildConfiguration;
			buildSettings = {
				BUNDLE_LOADER = "$(BUILT_PRODUCTS_DIR)/HtmlContentTest.app/HtmlContentTest";
				FRAMEWORK_SEARCH_PATHS = (
					"$(SDKROOT)/Developer/Library/Frameworks",
					"$(DEVELOPER_LIBRARY_DIR)/Frameworks",
				);
				GCC_PRECOMPILE_PREFIX_HEADER = YES;
				GCC_PREFIX_HEADER = "HtmlContentTest/HtmlContentTest-Prefix.pch";
				INFOPLIST_FILE = "HtmlContentTestTests/HtmlContentTestTests-Info.plist";
				PRODUCT_NAME = "$(TARGET_NAME)";
				TEST_HOST = "$(BUNDLE_LOADER)";
				WRAPPER_EXTENSION = octest;
			};
			name = Release;
		};
/* End XCBuildConfiguration section */

/* Begin XCConfigurationList section */
		DB7A08B3152B7BB500759EEF /* Build configuration list for PBXProject "HtmlContentTest" */ = {
			isa = XCConfigurationList;
			buildConfigurations = (
				DB7A08EA152B7BB500759EEF /* Debug */,
				DB7A08EB152B7BB500759EEF /* Release */,
			);
			defaultConfigurationIsVisible = 0;
			defaultConfigurationName = Release;
		};
		DB7A08EC152B7BB500759EEF /* Build configuration list for PBXNativeTarget "HtmlContentTest" */ = {
			isa = XCConfigurationList;
			buildConfigurations = (
				DB7A08ED152B7BB500759EEF /* Debug */,
				DB7A08EE152B7BB500759EEF /* Release */,
			);
			defaultConfigurationIsVisible = 0;
		};
		DB7A08EF152B7BB500759EEF /* Build configuration list for PBXNativeTarget "HtmlContentTestTests" */ = {
			isa = XCConfigurationList;
			buildConfigurations = (
				DB7A08F0152B7BB500759EEF /* Debug */,
				DB7A08F1152B7BB500759EEF /* Release */,
			);
			defaultConfigurationIsVisible = 0;
		};
/* End XCConfigurationList section */
	};
	rootObject = DB7A08B0152B7BB500759EEF /* Project object */;
}
